
Microsoft Visual Studio Solution File, Format Version 12.00
# Visual Studio Version 16
VisualStudioVersion = 16.0.28803.202
MinimumVisualStudioVersion = 10.0.40219.1
Project("{2150E333-8FDC-42A3-9474-1A3956D46DE8}") = "Tests", "Tests", "{69AA4A66-4EDE-4C5A-BD1C-3F7D0CD3BE77}"
EndProject
Project("{2150E333-8FDC-42A3-9474-1A3956D46DE8}") = "Core", "Core", "{26DB828F-A674-41DD-9F60-BE4BCDFAD82F}"
EndProject
Project("{9A19103F-16F7-4668-BE54-9A1E7A4F7556}") = "Battleship.Warehouse", "Battleship.Warehouse\Battleship.Warehouse.csproj", "{7233FBF7-1E15-4997-AC80-D13D7BF0D708}"
EndProject
Project("{9A19103F-16F7-4668-BE54-9A1E7A4F7556}") = "Battleship.Statistics", "Battleship.Statistics\Battleship.Statistics.csproj", "{FED4EACE-4347-49D0-BD50-6DEF55EDCF4C}"
EndProject
Project("{9A19103F-16F7-4668-BE54-9A1E7A4F7556}") = "Battleship.Audit.Tests", "Battleship.Audit.Tests\Battleship.Audit.Tests.csproj", "{13933833-CEE1-4836-BFB9-C6086BC45131}"
EndProject
Project("{9A19103F-16F7-4668-BE54-9A1E7A4F7556}") = "Battleship.Game.Tests", "Battleship.Game.Tests\Battleship.Game.Tests.csproj", "{11888F1A-C1B0-43AF-8886-483FB03D3FE9}"
EndProject
Project("{9A19103F-16F7-4668-BE54-9A1E7A4F7556}") = "Battleship.Player.Tests", "Battleship.Player.Tests\Battleship.Player.Tests.csproj", "{0A0DC465-193A-4943-92CB-8AC6964297FF}"
EndProject
Project("{9A19103F-16F7-4668-BE54-9A1E7A4F7556}") = "Battleship.Score.Tests", "Battleship.Score.Tests\Battleship.Score.Tests.csproj", "{348FA1A7-8363-4C75-AB7D-20A1B23BD5AB}"
EndProject
Project("{9A19103F-16F7-4668-BE54-9A1E7A4F7556}") = "Battleship.Statistics.Tests", "Battleship.Statistics.Tests\Battleship.Statistics.Tests.csproj", "{8C927223-944C-4268-84A8-3B3FAD5E9DA6}"
EndProject
Project("{9A19103F-16F7-4668-BE54-9A1E7A4F7556}") = "Battleship.Warehouse.Tests", "Battleship.Warehouse.Tests\Battleship.Warehouse.Tests.csproj", "{3C2BED38-9BA2-4A88-8DAD-FB0C48D9902E}"
EndProject
Project("{9A19103F-16F7-4668-BE54-9A1E7A4F7556}") = "Battleship.LeaderBoard", "Battleship.LeaderBoard\Battleship.LeaderBoard.csproj", "{D1B94DC5-9100-4F22-A6EF-5F00E04C7D00}"
EndProject
Project("{9A19103F-16F7-4668-BE54-9A1E7A4F7556}") = "Battleship.Player", "Battleship.Player\Battleship.Player.csproj", "{E45C8231-283D-4C73-8B69-68B2E9EEA093}"
EndProject
Project("{9A19103F-16F7-4668-BE54-9A1E7A4F7556}") = "Battleship.Score", "Battleship.Score\Battleship.Score.csproj", "{122E123A-AAA2-47F2-9E94-7992AB55429D}"
EndProject
Project("{9A19103F-16F7-4668-BE54-9A1E7A4F7556}") = "Battleship.Game", "Battleship.Game\Battleship.Game.csproj", "{09EDE0B1-E7D0-4D54-A4A7-A26A87C1595E}"
EndProject
Project("{9A19103F-16F7-4668-BE54-9A1E7A4F7556}") = "Battleship.Microservices.Core", "Battleship.Microservices.Infrastructure\Battleship.Microservices.Core.csproj", "{3813D8F4-1C7D-4E12-A3F0-CCEFCAFC1478}"
EndProject
Project("{2150E333-8FDC-42A3-9474-1A3956D46DE8}") = "Pool", "Pool", "{B6E350AD-D817-4E16-8817-6494E3679660}"
EndProject
Project("{9A19103F-16F7-4668-BE54-9A1E7A4F7556}") = "Battleship.Audit", "Battleship.Audit\Battleship.Audit.csproj", "{4403CB4E-A4AD-493C-BEF1-AD1C700B4BCD}"
EndProject
Project("{FAE04EC0-301F-11D3-BF4B-00C04F79EFBC}") = "Battleship.Microservices.Core.Tests", "Battleship.Microservices.Core.Tests\Battleship.Microservices.Core.Tests.csproj", "{0961A57A-0A15-4E1C-926E-BDF945311E55}"
EndProject
Global
	GlobalSection(SolutionConfigurationPlatforms) = preSolution
		Debug|Any CPU = Debug|Any CPU
		Release|Any CPU = Release|Any CPU
	EndGlobalSection
	GlobalSection(ProjectConfigurationPlatforms) = postSolution
		{7233FBF7-1E15-4997-AC80-D13D7BF0D708}.Debug|Any CPU.ActiveCfg = Debug|Any CPU
		{7233FBF7-1E15-4997-AC80-D13D7BF0D708}.Debug|Any CPU.Build.0 = Debug|Any CPU
		{7233FBF7-1E15-4997-AC80-D13D7BF0D708}.Release|Any CPU.ActiveCfg = Release|Any CPU
		{7233FBF7-1E15-4997-AC80-D13D7BF0D708}.Release|Any CPU.Build.0 = Release|Any CPU
		{FED4EACE-4347-49D0-BD50-6DEF55EDCF4C}.Debug|Any CPU.ActiveCfg = Debug|Any CPU
		{FED4EACE-4347-49D0-BD50-6DEF55EDCF4C}.Debug|Any CPU.Build.0 = Debug|Any CPU
		{FED4EACE-4347-49D0-BD50-6DEF55EDCF4C}.Release|Any CPU.ActiveCfg = Release|Any CPU
		{FED4EACE-4347-49D0-BD50-6DEF55EDCF4C}.Release|Any CPU.Build.0 = Release|Any CPU
		{13933833-CEE1-4836-BFB9-C6086BC45131}.Debug|Any CPU.ActiveCfg = Debug|Any CPU
		{13933833-CEE1-4836-BFB9-C6086BC45131}.Debug|Any CPU.Build.0 = Debug|Any CPU
		{13933833-CEE1-4836-BFB9-C6086BC45131}.Release|Any CPU.ActiveCfg = Release|Any CPU
		{13933833-CEE1-4836-BFB9-C6086BC45131}.Release|Any CPU.Build.0 = Release|Any CPU
		{11888F1A-C1B0-43AF-8886-483FB03D3FE9}.Debug|Any CPU.ActiveCfg = Debug|Any CPU
		{11888F1A-C1B0-43AF-8886-483FB03D3FE9}.Debug|Any CPU.Build.0 = Debug|Any CPU
		{11888F1A-C1B0-43AF-8886-483FB03D3FE9}.Release|Any CPU.ActiveCfg = Release|Any CPU
		{11888F1A-C1B0-43AF-8886-483FB03D3FE9}.Release|Any CPU.Build.0 = Release|Any CPU
		{0A0DC465-193A-4943-92CB-8AC6964297FF}.Debug|Any CPU.ActiveCfg = Debug|Any CPU
		{0A0DC465-193A-4943-92CB-8AC6964297FF}.Debug|Any CPU.Build.0 = Debug|Any CPU
		{0A0DC465-193A-4943-92CB-8AC6964297FF}.Release|Any CPU.ActiveCfg = Release|Any CPU
		{0A0DC465-193A-4943-92CB-8AC6964297FF}.Release|Any CPU.Build.0 = Release|Any CPU
		{348FA1A7-8363-4C75-AB7D-20A1B23BD5AB}.Debug|Any CPU.ActiveCfg = Debug|Any CPU
		{348FA1A7-8363-4C75-AB7D-20A1B23BD5AB}.Debug|Any CPU.Build.0 = Debug|Any CPU
		{348FA1A7-8363-4C75-AB7D-20A1B23BD5AB}.Release|Any CPU.ActiveCfg = Release|Any CPU
		{348FA1A7-8363-4C75-AB7D-20A1B23BD5AB}.Release|Any CPU.Build.0 = Release|Any CPU
		{8C927223-944C-4268-84A8-3B3FAD5E9DA6}.Debug|Any CPU.ActiveCfg = Debug|Any CPU
		{8C927223-944C-4268-84A8-3B3FAD5E9DA6}.Debug|Any CPU.Build.0 = Debug|Any CPU
		{8C927223-944C-4268-84A8-3B3FAD5E9DA6}.Release|Any CPU.ActiveCfg = Release|Any CPU
		{8C927223-944C-4268-84A8-3B3FAD5E9DA6}.Release|Any CPU.Build.0 = Release|Any CPU
		{3C2BED38-9BA2-4A88-8DAD-FB0C48D9902E}.Debug|Any CPU.ActiveCfg = Debug|Any CPU
		{3C2BED38-9BA2-4A88-8DAD-FB0C48D9902E}.Debug|Any CPU.Build.0 = Debug|Any CPU
		{3C2BED38-9BA2-4A88-8DAD-FB0C48D9902E}.Release|Any CPU.ActiveCfg = Release|Any CPU
		{3C2BED38-9BA2-4A88-8DAD-FB0C48D9902E}.Release|Any CPU.Build.0 = Release|Any CPU
		{D1B94DC5-9100-4F22-A6EF-5F00E04C7D00}.Debug|Any CPU.ActiveCfg = Debug|Any CPU
		{D1B94DC5-9100-4F22-A6EF-5F00E04C7D00}.Debug|Any CPU.Build.0 = Debug|Any CPU
		{D1B94DC5-9100-4F22-A6EF-5F00E04C7D00}.Release|Any CPU.ActiveCfg = Release|Any CPU
		{D1B94DC5-9100-4F22-A6EF-5F00E04C7D00}.Release|Any CPU.Build.0 = Release|Any CPU
		{E45C8231-283D-4C73-8B69-68B2E9EEA093}.Debug|Any CPU.ActiveCfg = Debug|Any CPU
		{E45C8231-283D-4C73-8B69-68B2E9EEA093}.Debug|Any CPU.Build.0 = Debug|Any CPU
		{E45C8231-283D-4C73-8B69-68B2E9EEA093}.Release|Any CPU.ActiveCfg = Release|Any CPU
		{E45C8231-283D-4C73-8B69-68B2E9EEA093}.Release|Any CPU.Build.0 = Release|Any CPU
		{122E123A-AAA2-47F2-9E94-7992AB55429D}.Debug|Any CPU.ActiveCfg = Debug|Any CPU
		{122E123A-AAA2-47F2-9E94-7992AB55429D}.Debug|Any CPU.Build.0 = Debug|Any CPU
		{122E123A-AAA2-47F2-9E94-7992AB55429D}.Release|Any CPU.ActiveCfg = Release|Any CPU
		{122E123A-AAA2-47F2-9E94-7992AB55429D}.Release|Any CPU.Build.0 = Release|Any CPU
		{09EDE0B1-E7D0-4D54-A4A7-A26A87C1595E}.Debug|Any CPU.ActiveCfg = Debug|Any CPU
		{09EDE0B1-E7D0-4D54-A4A7-A26A87C1595E}.Debug|Any CPU.Build.0 = Debug|Any CPU
		{09EDE0B1-E7D0-4D54-A4A7-A26A87C1595E}.Release|Any CPU.ActiveCfg = Release|Any CPU
		{09EDE0B1-E7D0-4D54-A4A7-A26A87C1595E}.Release|Any CPU.Build.0 = Release|Any CPU
		{3813D8F4-1C7D-4E12-A3F0-CCEFCAFC1478}.Debug|Any CPU.ActiveCfg = Debug|Any CPU
		{3813D8F4-1C7D-4E12-A3F0-CCEFCAFC1478}.Debug|Any CPU.Build.0 = Debug|Any CPU
		{3813D8F4-1C7D-4E12-A3F0-CCEFCAFC1478}.Release|Any CPU.ActiveCfg = Release|Any CPU
		{3813D8F4-1C7D-4E12-A3F0-CCEFCAFC1478}.Release|Any CPU.Build.0 = Release|Any CPU
		{4403CB4E-A4AD-493C-BEF1-AD1C700B4BCD}.Debug|Any CPU.ActiveCfg = Debug|Any CPU
		{4403CB4E-A4AD-493C-BEF1-AD1C700B4BCD}.Debug|Any CPU.Build.0 = Debug|Any CPU
		{4403CB4E-A4AD-493C-BEF1-AD1C700B4BCD}.Release|Any CPU.ActiveCfg = Release|Any CPU
		{4403CB4E-A4AD-493C-BEF1-AD1C700B4BCD}.Release|Any CPU.Build.0 = Release|Any CPU
		{0961A57A-0A15-4E1C-926E-BDF945311E55}.Debug|Any CPU.ActiveCfg = Debug|Any CPU
		{0961A57A-0A15-4E1C-926E-BDF945311E55}.Debug|Any CPU.Build.0 = Debug|Any CPU
		{0961A57A-0A15-4E1C-926E-BDF945311E55}.Release|Any CPU.ActiveCfg = Release|Any CPU
		{0961A57A-0A15-4E1C-926E-BDF945311E55}.Release|Any CPU.Build.0 = Release|Any CPU
	EndGlobalSection
	GlobalSection(SolutionProperties) = preSolution
		HideSolutionNode = FALSE
	EndGlobalSection
	GlobalSection(NestedProjects) = preSolution
		{7233FBF7-1E15-4997-AC80-D13D7BF0D708} = {B6E350AD-D817-4E16-8817-6494E3679660}
		{13933833-CEE1-4836-BFB9-C6086BC45131} = {69AA4A66-4EDE-4C5A-BD1C-3F7D0CD3BE77}
		{11888F1A-C1B0-43AF-8886-483FB03D3FE9} = {69AA4A66-4EDE-4C5A-BD1C-3F7D0CD3BE77}
		{0A0DC465-193A-4943-92CB-8AC6964297FF} = {69AA4A66-4EDE-4C5A-BD1C-3F7D0CD3BE77}
		{348FA1A7-8363-4C75-AB7D-20A1B23BD5AB} = {69AA4A66-4EDE-4C5A-BD1C-3F7D0CD3BE77}
		{8C927223-944C-4268-84A8-3B3FAD5E9DA6} = {69AA4A66-4EDE-4C5A-BD1C-3F7D0CD3BE77}
		{3C2BED38-9BA2-4A88-8DAD-FB0C48D9902E} = {69AA4A66-4EDE-4C5A-BD1C-3F7D0CD3BE77}
		{3813D8F4-1C7D-4E12-A3F0-CCEFCAFC1478} = {26DB828F-A674-41DD-9F60-BE4BCDFAD82F}
		{4403CB4E-A4AD-493C-BEF1-AD1C700B4BCD} = {B6E350AD-D817-4E16-8817-6494E3679660}
		{0961A57A-0A15-4E1C-926E-BDF945311E55} = {69AA4A66-4EDE-4C5A-BD1C-3F7D0CD3BE77}
	EndGlobalSection
	GlobalSection(ExtensibilityGlobals) = postSolution
		SolutionGuid = {08A01BF0-D90B-4D47-AACF-5790B16D9EE3}
	EndGlobalSection
	GlobalSection(MonoDevelopProperties) = preSolution
		Policies = $0
		$0.DotNetNamingPolicy = $1
		$1.DirectoryNamespaceAssociation = PrefixedHierarchical
		$0.TextStylePolicy = $4
		$2.inheritsSet = null
		$2.scope = text/x-csharp
		$0.CSharpFormattingPolicy = $3
		$3.scope = text/x-csharp
		$4.inheritsSet = null
		$4.scope = text/microsoft-resx
		$0.XmlFormattingPolicy = $5
		$5.inheritsSet = null
		$5.scope = text/microsoft-resx
	EndGlobalSection
EndGlobal
